# THIS IS AN AUTOGENERATED FILE. DO NOT EDIT THIS FILE DIRECTLY.
# yarn lockfile v1


"@protobufjs/aspromise@^1.1.1", "@protobufjs/aspromise@^1.1.2":
  version "1.1.2"
  resolved "https://registry.yarnpkg.com/@protobufjs/aspromise/-/aspromise-1.1.2.tgz#9b8b0cc663d669a7d8f6f5d0893a14d348f30fbf"

"@protobufjs/base64@^1.1.2":
  version "1.1.2"
  resolved "https://registry.yarnpkg.com/@protobufjs/base64/-/base64-1.1.2.tgz#4c85730e59b9a1f1f349047dbf24296034bb2735"

"@protobufjs/codegen@^2.0.4":
  version "2.0.4"
  resolved "https://registry.yarnpkg.com/@protobufjs/codegen/-/codegen-2.0.4.tgz#7ef37f0d010fb028ad1ad59722e506d9262815cb"

"@protobufjs/eventemitter@^1.1.0":
  version "1.1.0"
  resolved "https://registry.yarnpkg.com/@protobufjs/eventemitter/-/eventemitter-1.1.0.tgz#355cbc98bafad5978f9ed095f397621f1d066b70"

"@protobufjs/fetch@^1.1.0":
  version "1.1.0"
  resolved "https://registry.yarnpkg.com/@protobufjs/fetch/-/fetch-1.1.0.tgz#ba99fb598614af65700c1619ff06d454b0d84c45"
  dependencies:
    "@protobufjs/aspromise" "^1.1.1"
    "@protobufjs/inquire" "^1.1.0"

"@protobufjs/float@^1.0.2":
  version "1.0.2"
  resolved "https://registry.yarnpkg.com/@protobufjs/float/-/float-1.0.2.tgz#5e9e1abdcb73fc0a7cb8b291df78c8cbd97b87d1"

"@protobufjs/inquire@^1.1.0":
  version "1.1.0"
  resolved "https://registry.yarnpkg.com/@protobufjs/inquire/-/inquire-1.1.0.tgz#ff200e3e7cf2429e2dcafc1140828e8cc638f089"

"@protobufjs/path@^1.1.2":
  version "1.1.2"
  resolved "https://registry.yarnpkg.com/@protobufjs/path/-/path-1.1.2.tgz#6cc2b20c5c9ad6ad0dccfd21ca7673d8d7fbf68d"

"@protobufjs/pool@^1.1.0":
  version "1.1.0"
  resolved "https://registry.yarnpkg.com/@protobufjs/pool/-/pool-1.1.0.tgz#09fd15f2d6d3abfa9b65bc366506d6ad7846ff54"

"@protobufjs/utf8@^1.1.0":
  version "1.1.0"
  resolved "https://registry.yarnpkg.com/@protobufjs/utf8/-/utf8-1.1.0.tgz#a777360b5b39a1a2e5106f8e858f2fd2d060c570"

"@types/long@^4.0.0":
  version "4.0.0"
  resolved "https://registry.yarnpkg.com/@types/long/-/long-4.0.0.tgz#719551d2352d301ac8b81db732acb6bdc28dbdef"

"@types/node@^10.1.0":
  version "10.12.24"
  resolved "https://registry.yarnpkg.com/@types/node/-/node-10.12.24.tgz#b13564af612a22a20b5d95ca40f1bffb3af315cf"

bytebuffer@5.0.1:
  version "5.0.1"
  resolved "https://registry.yarnpkg.com/bytebuffer/-/bytebuffer-5.0.1.tgz#582eea4b1a873b6d020a48d58df85f0bba6cfddd"
  dependencies:
    long "~3"

commander@2.9.0:
  version "2.9.0"
  resolved "https://registry.yarnpkg.com/commander/-/commander-2.9.0.tgz#9c99094176e12240cb22d6c5146098400fe0f7d4"
  dependencies:
    graceful-readlink ">= 1.0.0"

google-protobuf@^3.6.1:
  version "3.9.0"
  resolved "https://registry.yarnpkg.com/google-protobuf/-/google-protobuf-3.9.0.tgz#1f33e51e7993ea51e758a82650ad4347273b9bc6"

google-protobuf@^3.7.0-rc.2:
  version "3.7.0-rc.2"
  resolved "https://registry.yarnpkg.com/google-protobuf/-/google-protobuf-3.7.0-rc.2.tgz#a65e9216825065099c4ff243eee9e16e764cc2c9"

"graceful-readlink@>= 1.0.0":
  version "1.0.1"
  resolved "https://registry.yarnpkg.com/graceful-readlink/-/graceful-readlink-1.0.1.tgz#4cafad76bc62f02fa039b2f94e9a3dd3a391a725"

long@^4.0.0:
  version "4.0.0"
  resolved "https://registry.yarnpkg.com/long/-/long-4.0.0.tgz#9a7b71cfb7d361a194ea555241c92f7468d5bf28"

long@~3:
  version "3.2.0"
  resolved "https://registry.yarnpkg.com/long/-/long-3.2.0.tgz#d821b7138ca1cb581c172990ef14db200b5c474b"

pbjs@^0.0.5:
  version "0.0.5"
  resolved "https://registry.yarnpkg.com/pbjs/-/pbjs-0.0.5.tgz#b4c88e15aac4552ca0922aa64cd5338efd3447bf"
  dependencies:
    bytebuffer "5.0.1"
    commander "2.9.0"
    protocol-buffers-schema "3.1.0"

protobufjs@^6.8.8:
  version "6.8.8"
  resolved "https://registry.yarnpkg.com/protobufjs/-/protobufjs-6.8.8.tgz#c8b4f1282fd7a90e6f5b109ed11c84af82908e7c"
  dependencies:
    "@protobufjs/aspromise" "^1.1.2"
    "@protobufjs/base64" "^1.1.2"
    "@protobufjs/codegen" "^2.0.4"
    "@protobufjs/eventemitter" "^1.1.0"
    "@protobufjs/fetch" "^1.1.0"
    "@protobufjs/float" "^1.0.2"
    "@protobufjs/inquire" "^1.1.0"
    "@protobufjs/path" "^1.1.2"
    "@protobufjs/pool" "^1.1.0"
    "@protobufjs/utf8" "^1.1.0"
    "@types/long" "^4.0.0"
    "@types/node" "^10.1.0"
    long "^4.0.0"

protocol-buffers-schema@3.1.0:
  version "3.1.0"
  resolved "https://registry.yarnpkg.com/protocol-buffers-schema/-/protocol-buffers-schema-3.1.0.tgz#d8a819549ead3e6bd189ebe9e50e96636bbc5cc7"

ts-protoc-gen@^0.10.0:
  version "0.10.0"
  resolved "https://registry.yarnpkg.com/ts-protoc-gen/-/ts-protoc-gen-0.10.0.tgz#f708d99be59ad0be6bdce6f4fe893ec41757d2c9"
  dependencies:
    google-protobuf "^3.6.1"
